
Microsoft Visual Studio Solution File, Format Version 12.00
# Visual Studio Version 17
VisualStudioVersion = 17.6.33829.357
MinimumVisualStudioVersion = 10.0.40219.1
Project("{FAE04EC0-301F-11D3-BF4B-00C04F79EFBC}") = "UniversityApi", "UniversityApi\UniversityApi.csproj", "{ABC3E7C4-F49B-4B36-80F3-53480510AE05}"
EndProject
Global
	GlobalSection(SolutionConfigurationPlatforms) = preSolution
		Debug|Any CPU = Debug|Any CPU
		Release|Any CPU = Release|Any CPU
	EndGlobalSection
	GlobalSection(ProjectConfigurationPlatforms) = postSolution
		{ABC3E7C4-F49B-4B36-80F3-53480510AE05}.Debug|Any CPU.ActiveCfg = Debug|Any CPU
		{ABC3E7C4-F49B-4B36-80F3-53480510AE05}.Debug|Any CPU.Build.0 = Debug|Any CPU
		{ABC3E7C4-F49B-4B36-80F3-53480510AE05}.Release|Any CPU.ActiveCfg = Release|Any CPU
		{ABC3E7C4-F49B-4B36-80F3-53480510AE05}.Release|Any CPU.Build.0 = Release|Any CPU
	EndGlobalSection
	GlobalSection(SolutionProperties) = preSolution
		HideSolutionNode = FALSE
	EndGlobalSection
	GlobalSection(ExtensibilityGlobals) = postSolution
		SolutionGuid = {F44C521F-DE8A-4B92-BC6E-A4D591849FEB}
	EndGlobalSection
EndGlobal
